// !$*UTF8*$!
{
	archiveVersion = 1;
	classes = {
	};
	objectVersion = 51;
	objects = {

/* Begin PBXBuildFile section */
		48B60D5923B3D2040026DDF7 /* AppDelegate.swift in Sources */ = {isa = PBXBuildFile; fileRef = 48B60D5823B3D2040026DDF7 /* AppDelegate.swift */; };
		48B60D5B23B3D2040026DDF7 /* SceneDelegate.swift in Sources */ = {isa = PBXBuildFile; fileRef = 48B60D5A23B3D2040026DDF7 /* SceneDelegate.swift */; };
		48B60D5D23B3D2040026DDF7 /* LoginController.swift in Sources */ = {isa = PBXBuildFile; fileRef = 48B60D5C23B3D2040026DDF7 /* LoginController.swift */; };
		48B60D6023B3D2040026DDF7 /* Main.storyboard in Resources */ = {isa = PBXBuildFile; fileRef = 48B60D5E23B3D2040026DDF7 /* Main.storyboard */; };
		48B60D6223B3D2070026DDF7 /* Assets.xcassets in Resources */ = {isa = PBXBuildFile; fileRef = 48B60D6123B3D2070026DDF7 /* Assets.xcassets */; };
		48B60D6523B3D2070026DDF7 /* LaunchScreen.storyboard in Resources */ = {isa = PBXBuildFile; fileRef = 48B60D6323B3D2070026DDF7 /* LaunchScreen.storyboard */; };
		48D0194A23B3DB7B00301FFE /* OutlookService.swift in Sources */ = {isa = PBXBuildFile; fileRef = 48D0194923B3DB7B00301FFE /* OutlookService.swift */; };
		48D0195523B3EEE900301FFE /* Mail.swift in Sources */ = {isa = PBXBuildFile; fileRef = 48D0195423B3EEE900301FFE /* Mail.swift */; };
		48D0195723B3EF7600301FFE /* CurrentUser.swift in Sources */ = {isa = PBXBuildFile; fileRef = 48D0195623B3EF7600301FFE /* CurrentUser.swift */; };
		48D0195B23B4010D00301FFE /* MailListViewController.swift in Sources */ = {isa = PBXBuildFile; fileRef = 48D0195A23B4010D00301FFE /* MailListViewController.swift */; };
		48D0195E23B4013100301FFE /* MailCell.swift in Sources */ = {isa = PBXBuildFile; fileRef = 48D0195D23B4013100301FFE /* MailCell.swift */; };
		48D0196023B41B0800301FFE /* MailListViewModel.swift in Sources */ = {isa = PBXBuildFile; fileRef = 48D0195F23B41B0800301FFE /* MailListViewModel.swift */; };
		720307515FB31A76FAAA5724 /* Pods_Outlook_oauth2.framework in Frameworks */ = {isa = PBXBuildFile; fileRef = C6074FB3E422420491EF36AC /* Pods_Outlook_oauth2.framework */; };
/* End PBXBuildFile section */

/* Begin PBXFileReference section */
		48B60D5523B3D2040026DDF7 /* Outlook-oauth2.app */ = {isa = PBXFileReference; explicitFileType = wrapper.application; includeInIndex = 0; path = "Outlook-oauth2.app"; sourceTree = BUILT_PRODUCTS_DIR; };
		48B60D5823B3D2040026DDF7 /* AppDelegate.swift */ = {isa = PBXFileReference; lastKnownFileType = sourcecode.swift; path = AppDelegate.swift; sourceTree = "<group>"; };
		48B60D5A23B3D2040026DDF7 /* SceneDelegate.swift */ = {isa = PBXFileReference; lastKnownFileType = sourcecode.swift; path = SceneDelegate.swift; sourceTree = "<group>"; };
		48B60D5C23B3D2040026DDF7 /* LoginController.swift */ = {isa = PBXFileReference; lastKnownFileType = sourcecode.swift; path = LoginController.swift; sourceTree = "<group>"; };
		48B60D5F23B3D2040026DDF7 /* Base */ = {isa = PBXFileReference; lastKnownFileType = file.storyboard; name = Base; path = Base.lproj/Main.storyboard; sourceTree = "<group>"; };
		48B60D6123B3D2070026DDF7 /* Assets.xcassets */ = {isa = PBXFileReference; lastKnownFileType = folder.assetcatalog; path = Assets.xcassets; sourceTree = "<group>"; };
		48B60D6423B3D2070026DDF7 /* Base */ = {isa = PBXFileReference; lastKnownFileType = file.storyboard; name = Base; path = Base.lproj/LaunchScreen.storyboard; sourceTree = "<group>"; };
		48B60D6623B3D2070026DDF7 /* Info.plist */ = {isa = PBXFileReference; lastKnownFileType = text.plist.xml; path = Info.plist; sourceTree = "<group>"; };
		48D0194923B3DB7B00301FFE /* OutlookService.swift */ = {isa = PBXFileReference; lastKnownFileType = sourcecode.swift; path = OutlookService.swift; sourceTree = "<group>"; };
		48D0195423B3EEE900301FFE /* Mail.swift */ = {isa = PBXFileReference; lastKnownFileType = sourcecode.swift; path = Mail.swift; sourceTree = "<group>"; };
		48D0195623B3EF7600301FFE /* CurrentUser.swift */ = {isa = PBXFileReference; lastKnownFileType = sourcecode.swift; path = CurrentUser.swift; sourceTree = "<group>"; };
		48D0195A23B4010D00301FFE /* MailListViewController.swift */ = {isa = PBXFileReference; lastKnownFileType = sourcecode.swift; path = MailListViewController.swift; sourceTree = "<group>"; };
		48D0195D23B4013100301FFE /* MailCell.swift */ = {isa = PBXFileReference; lastKnownFileType = sourcecode.swift; path = MailCell.swift; sourceTree = "<group>"; };
		48D0195F23B41B0800301FFE /* MailListViewModel.swift */ = {isa = PBXFileReference; lastKnownFileType = sourcecode.swift; path = MailListViewModel.swift; sourceTree = "<group>"; };
		5F2B1D567DDAD557D80DC60F /* Pods-Outlook-oauth2.release.xcconfig */ = {isa = PBXFileReference; includeInIndex = 1; lastKnownFileType = text.xcconfig; name = "Pods-Outlook-oauth2.release.xcconfig"; path = "Target Support Files/Pods-Outlook-oauth2/Pods-Outlook-oauth2.release.xcconfig"; sourceTree = "<group>"; };
		77EA7FC648C08FC94B099EBF /* Pods-Outlook-oauth2.debug.xcconfig */ = {isa = PBXFileReference; includeInIndex = 1; lastKnownFileType = text.xcconfig; name = "Pods-Outlook-oauth2.debug.xcconfig"; path = "Target Support Files/Pods-Outlook-oauth2/Pods-Outlook-oauth2.debug.xcconfig"; sourceTree = "<group>"; };
		92929021930D2975E203A593 /* Pods-RxSwift-MVVM.debug.xcconfig */ = {isa = PBXFileReference; includeInIndex = 1; lastKnownFileType = text.xcconfig; name = "Pods-RxSwift-MVVM.debug.xcconfig"; path = "Target Support Files/Pods-RxSwift-MVVM/Pods-RxSwift-MVVM.debug.xcconfig"; sourceTree = "<group>"; };
		AAD3AB006F8DAE20904F7139 /* Pods-RxSwift-MVVM.release.xcconfig */ = {isa = PBXFileReference; includeInIndex = 1; lastKnownFileType = text.xcconfig; name = "Pods-RxSwift-MVVM.release.xcconfig"; path = "Target Support Files/Pods-RxSwift-MVVM/Pods-RxSwift-MVVM.release.xcconfig"; sourceTree = "<group>"; };
		C6074FB3E422420491EF36AC /* Pods_Outlook_oauth2.framework */ = {isa = PBXFileReference; explicitFileType = wrapper.framework; includeInIndex = 0; path = Pods_Outlook_oauth2.framework; sourceTree = BUILT_PRODUCTS_DIR; };
/* End PBXFileReference section */

/* Begin PBXFrameworksBuildPhase section */
		48B60D5223B3D2030026DDF7 /* Frameworks */ = {
			isa = PBXFrameworksBuildPhase;
			buildActionMask = 2147483647;
			files = (
				720307515FB31A76FAAA5724 /* Pods_Outlook_oauth2.framework in Frameworks */,
			);
			runOnlyForDeploymentPostprocessing = 0;
		};
/* End PBXFrameworksBuildPhase section */

/* Begin PBXGroup section */
		1FF3A45955EF46D34B19E0FE /* Frameworks */ = {
			isa = PBXGroup;
			children = (
				C6074FB3E422420491EF36AC /* Pods_Outlook_oauth2.framework */,
			);
			name = Frameworks;
			sourceTree = "<group>";
		};
		48B60D4C23B3D2030026DDF7 = {
			isa = PBXGroup;
			children = (
				48B60D5723B3D2040026DDF7 /* Outlook-oauth2 */,
				48B60D5623B3D2040026DDF7 /* Products */,
				989A9DFBD55FDE1901E2ACBF /* Pods */,
				1FF3A45955EF46D34B19E0FE /* Frameworks */,
			);
			sourceTree = "<group>";
		};
		48B60D5623B3D2040026DDF7 /* Products */ = {
			isa = PBXGroup;
			children = (
				48B60D5523B3D2040026DDF7 /* Outlook-oauth2.app */,
			);
			name = Products;
			sourceTree = "<group>";
		};
		48B60D5723B3D2040026DDF7 /* Outlook-oauth2 */ = {
			isa = PBXGroup;
			children = (
				48B60D7023B3D2590026DDF7 /* SupportFiles */,
				48B60D7123B3D26D0026DDF7 /* Storyboards */,
				48B60D6F23B3D24E0026DDF7 /* Service */,
				48D0194E23B3ECBF00301FFE /* Model */,
				48D0195323B3EE8600301FFE /* View */,
				48D0194F23B3ECC700301FFE /* ViewModel */,
			);
			path = "Outlook-oauth2";
			sourceTree = "<group>";
		};
		48B60D6F23B3D24E0026DDF7 /* Service */ = {
			isa = PBXGroup;
			children = (
				48D0194923B3DB7B00301FFE /* OutlookService.swift */,
			);
			path = Service;
			sourceTree = "<group>";
		};
		48B60D7023B3D2590026DDF7 /* SupportFiles */ = {
			isa = PBXGroup;
			children = (
				48B60D6623B3D2070026DDF7 /* Info.plist */,
				48B60D6323B3D2070026DDF7 /* LaunchScreen.storyboard */,
				48B60D6123B3D2070026DDF7 /* Assets.xcassets */,
				48B60D5823B3D2040026DDF7 /* AppDelegate.swift */,
				48B60D5A23B3D2040026DDF7 /* SceneDelegate.swift */,
			);
			path = SupportFiles;
			sourceTree = "<group>";
		};
		48B60D7123B3D26D0026DDF7 /* Storyboards */ = {
			isa = PBXGroup;
			children = (
				48B60D5E23B3D2040026DDF7 /* Main.storyboard */,
			);
			path = Storyboards;
			sourceTree = "<group>";
		};
		48B60D7223B3D2910026DDF7 /* Controller */ = {
			isa = PBXGroup;
			children = (
				48D0195923B400FD00301FFE /* Mail */,
				48D0195823B400F000301FFE /* Login */,
			);
			path = Controller;
			sourceTree = "<group>";
		};
		48D0194E23B3ECBF00301FFE /* Model */ = {
			isa = PBXGroup;
			children = (
				48D0195423B3EEE900301FFE /* Mail.swift */,
				48D0195623B3EF7600301FFE /* CurrentUser.swift */,
			);
			path = Model;
			sourceTree = "<group>";
		};
		48D0194F23B3ECC700301FFE /* ViewModel */ = {
			isa = PBXGroup;
			children = (
				48D0195F23B41B0800301FFE /* MailListViewModel.swift */,
			);
			path = ViewModel;
			sourceTree = "<group>";
		};
		48D0195323B3EE8600301FFE /* View */ = {
			isa = PBXGroup;
			children = (
				48B60D7223B3D2910026DDF7 /* Controller */,
			);
			path = View;
			sourceTree = "<group>";
		};
		48D0195823B400F000301FFE /* Login */ = {
			isa = PBXGroup;
			children = (
				48B60D5C23B3D2040026DDF7 /* LoginController.swift */,
			);
			path = Login;
			sourceTree = "<group>";
		};
		48D0195923B400FD00301FFE /* Mail */ = {
			isa = PBXGroup;
			children = (
				48D0195A23B4010D00301FFE /* MailListViewController.swift */,
				48D0195C23B4011C00301FFE /* Cell */,
			);
			path = Mail;
			sourceTree = "<group>";
		};
		48D0195C23B4011C00301FFE /* Cell */ = {
			isa = PBXGroup;
			children = (
				48D0195D23B4013100301FFE /* MailCell.swift */,
			);
			path = Cell;
			sourceTree = "<group>";
		};
		989A9DFBD55FDE1901E2ACBF /* Pods */ = {
			isa = PBXGroup;
			children = (
				92929021930D2975E203A593 /* Pods-RxSwift-MVVM.debug.xcconfig */,
				AAD3AB006F8DAE20904F7139 /* Pods-RxSwift-MVVM.release.xcconfig */,
				77EA7FC648C08FC94B099EBF /* Pods-Outlook-oauth2.debug.xcconfig */,
				5F2B1D567DDAD557D80DC60F /* Pods-Outlook-oauth2.release.xcconfig */,
			);
			path = Pods;
			sourceTree = "<group>";
		};
/* End PBXGroup section */

/* Begin PBXNativeTarget section */
		48B60D5423B3D2030026DDF7 /* Outlook-oauth2 */ = {
			isa = PBXNativeTarget;
			buildConfigurationList = 48B60D6923B3D2070026DDF7 /* Build configuration list for PBXNativeTarget "Outlook-oauth2" */;
			buildPhases = (
				E39DFFABF103001E2572603F /* [CP] Check Pods Manifest.lock */,
				48B60D5123B3D2030026DDF7 /* Sources */,
				48B60D5223B3D2030026DDF7 /* Frameworks */,
				48B60D5323B3D2030026DDF7 /* Resources */,
				25C8343F2390A75A76F7DBC4 /* [CP] Embed Pods Frameworks */,
			);
			buildRules = (
			);
			dependencies = (
			);
			name = "Outlook-oauth2";
			productName = "RxSwift-MVVM";
			productReference = 48B60D5523B3D2040026DDF7 /* Outlook-oauth2.app */;
			productType = "com.apple.product-type.application";
		};
/* End PBXNativeTarget section */

/* Begin PBXProject section */
		48B60D4D23B3D2030026DDF7 /* Project object */ = {
			isa = PBXProject;
			attributes = {
				LastSwiftUpdateCheck = 1120;
				LastUpgradeCheck = 1120;
				ORGANIZATIONNAME = "Yusuf Ali Cezik";
				TargetAttributes = {
					48B60D5423B3D2030026DDF7 = {
						CreatedOnToolsVersion = 11.2.1;
					};
				};
			};
			buildConfigurationList = 48B60D5023B3D2030026DDF7 /* Build configuration list for PBXProject "Outlook-oauth2" */;
			compatibilityVersion = "Xcode 9.3";
			developmentRegion = en;
			hasScannedForEncodings = 0;
			knownRegions = (
				en,
				Base,
			);
			mainGroup = 48B60D4C23B3D2030026DDF7;
			productRefGroup = 48B60D5623B3D2040026DDF7 /* Products */;
			projectDirPath = "";
			projectRoot = "";
			targets = (
				48B60D5423B3D2030026DDF7 /* Outlook-oauth2 */,
			);
		};
/* End PBXProject section */

/* Begin PBXResourcesBuildPhase section */
		48B60D5323B3D2030026DDF7 /* Resources */ = {
			isa = PBXResourcesBuildPhase;
			buildActionMask = 2147483647;
			files = (
				48B60D6523B3D2070026DDF7 /* LaunchScreen.storyboard in Resources */,
				48B60D6223B3D2070026DDF7 /* Assets.xcassets in Resources */,
				48B60D6023B3D2040026DDF7 /* Main.storyboard in Resources */,
			);
			runOnlyForDeploymentPostprocessing = 0;
		};
/* End PBXResourcesBuildPhase section */

/* Begin PBXShellScriptBuildPhase section */
		25C8343F2390A75A76F7DBC4 /* [CP] Embed Pods Frameworks */ = {
			isa = PBXShellScriptBuildPhase;
			buildActionMask = 2147483647;
			files = (
			);
			inputFileListPaths = (
				"${PODS_ROOT}/Target Support Files/Pods-Outlook-oauth2/Pods-Outlook-oauth2-frameworks-${CONFIGURATION}-input-files.xcfilelist",
			);
			name = "[CP] Embed Pods Frameworks";
			outputFileListPaths = (
				"${PODS_ROOT}/Target Support Files/Pods-Outlook-oauth2/Pods-Outlook-oauth2-frameworks-${CONFIGURATION}-output-files.xcfilelist",
			);
			runOnlyForDeploymentPostprocessing = 0;
			shellPath = /bin/sh;
			shellScript = "\"${PODS_ROOT}/Target Support Files/Pods-Outlook-oauth2/Pods-Outlook-oauth2-frameworks.sh\"\n";
			showEnvVarsInLog = 0;
		};
		E39DFFABF103001E2572603F /* [CP] Check Pods Manifest.lock */ = {
			isa = PBXShellScriptBuildPhase;
			buildActionMask = 2147483647;
			files = (
			);
			inputFileListPaths = (
			);
			inputPaths = (
				"${PODS_PODFILE_DIR_PATH}/Podfile.lock",
				"${PODS_ROOT}/Manifest.lock",
			);
			name = "[CP] Check Pods Manifest.lock";
			outputFileListPaths = (
			);
			outputPaths = (
				"$(DERIVED_FILE_DIR)/Pods-Outlook-oauth2-checkManifestLockResult.txt",
			);
			runOnlyForDeploymentPostprocessing = 0;
			shellPath = /bin/sh;
			shellScript = "diff \"${PODS_PODFILE_DIR_PATH}/Podfile.lock\" \"${PODS_ROOT}/Manifest.lock\" > /dev/null\nif [ $? != 0 ] ; then\n    # print error to STDERR\n    echo \"error: The sandbox is not in sync with the Podfile.lock. Run 'pod install' or update your CocoaPods installation.\" >&2\n    exit 1\nfi\n# This output is used by Xcode 'outputs' to avoid re-running this script phase.\necho \"SUCCESS\" > \"${SCRIPT_OUTPUT_FILE_0}\"\n";
			showEnvVarsInLog = 0;
		};
/* End PBXShellScriptBuildPhase section */

/* Begin PBXSourcesBuildPhase section */
		48B60D5123B3D2030026DDF7 /* Sources */ = {
			isa = PBXSourcesBuildPhase;
			buildActionMask = 2147483647;
			files = (
				48D0195523B3EEE900301FFE /* Mail.swift in Sources */,
				48B60D5D23B3D2040026DDF7 /* LoginController.swift in Sources */,
				48D0194A23B3DB7B00301FFE /* OutlookService.swift in Sources */,
				48B60D5923B3D2040026DDF7 /* AppDelegate.swift in Sources */,
				48D0195E23B4013100301FFE /* MailCell.swift in Sources */,
				48D0195723B3EF7600301FFE /* CurrentUser.swift in Sources */,
				48D0195B23B4010D00301FFE /* MailListViewController.swift in Sources */,
				48B60D5B23B3D2040026DDF7 /* SceneDelegate.swift in Sources */,
				48D0196023B41B0800301FFE /* MailListViewModel.swift in Sources */,
			);
			runOnlyForDeploymentPostprocessing = 0;
		};
/* End PBXSourcesBuildPhase section */

/* Begin PBXVariantGroup section */
		48B60D5E23B3D2040026DDF7 /* Main.storyboard */ = {
			isa = PBXVariantGroup;
			children = (
				48B60D5F23B3D2040026DDF7 /* Base */,
			);
			name = Main.storyboard;
			sourceTree = "<group>";
		};
		48B60D6323B3D2070026DDF7 /* LaunchScreen.storyboard */ = {
			isa = PBXVariantGroup;
			children = (
				48B60D6423B3D2070026DDF7 /* Base */,
			);
			name = LaunchScreen.storyboard;
			sourceTree = "<group>";
		};
/* End PBXVariantGroup section */

/* Begin XCBuildConfiguration section */
		48B60D6723B3D2070026DDF7 /* Debug */ = {
			isa = XCBuildConfiguration;
			buildSettings = {
				ALWAYS_SEARCH_USER_PATHS = NO;
				CLANG_ANALYZER_NONNULL = YES;
				CLANG_ANALYZER_NUMBER_OBJECT_CONVERSION = YES_AGGRESSIVE;
				CLANG_CXX_LANGUAGE_STANDARD = "gnu++14";
				CLANG_CXX_LIBRARY = "libc++";
				CLANG_ENABLE_MODULES = YES;
				CLANG_ENABLE_OBJC_ARC = YES;
				CLANG_ENABLE_OBJC_WEAK = YES;
				CLANG_WARN_BLOCK_CAPTURE_AUTORELEASING = YES;
				CLANG_WARN_BOOL_CONVERSION = YES;
				CLANG_WARN_COMMA = YES;
				CLANG_WARN_CONSTANT_CONVERSION = YES;
				CLANG_WARN_DEPRECATED_OBJC_IMPLEMENTATIONS = YES;
				CLANG_WARN_DIRECT_OBJC_ISA_USAGE = YES_ERROR;
				CLANG_WARN_DOCUMENTATION_COMMENTS = YES;
				CLANG_WARN_EMPTY_BODY = YES;
				CLANG_WARN_ENUM_CONVERSION = YES;
				CLANG_WARN_INFINITE_RECURSION = YES;
				CLANG_WARN_INT_CONVERSION = YES;
				CLANG_WARN_NON_LITERAL_NULL_CONVERSION = YES;
				CLANG_WARN_OBJC_IMPLICIT_RETAIN_SELF = YES;
				CLANG_WARN_OBJC_LITERAL_CONVERSION = YES;
				CLANG_WARN_OBJC_ROOT_CLASS = YES_ERROR;
				CLANG_WARN_RANGE_LOOP_ANALYSIS = YES;
				CLANG_WARN_STRICT_PROTOTYPES = YES;
				CLANG_WARN_SUSPICIOUS_MOVE = YES;
				CLANG_WARN_UNGUARDED_AVAILABILITY = YES_AGGRESSIVE;
				CLANG_WARN_UNREACHABLE_CODE = YES;
				CLANG_WARN__DUPLICATE_METHOD_MATCH = YES;
				COPY_PHASE_STRIP = NO;
				DEBUG_INFORMATION_FORMAT = dwarf;
				ENABLE_STRICT_OBJC_MSGSEND = YES;
				ENABLE_TESTABILITY = YES;
				GCC_C_LANGUAGE_STANDARD = gnu11;
				GCC_DYNAMIC_NO_PIC = NO;
				GCC_NO_COMMON_BLOCKS = YES;
				GCC_OPTIMIZATION_LEVEL = 0;
				GCC_PREPROCESSOR_DEFINITIONS = (
					"DEBUG=1",
					"$(inherited)",
				);
				GCC_WARN_64_TO_32_BIT_CONVERSION = YES;
				GCC_WARN_ABOUT_RETURN_TYPE = YES_ERROR;
				GCC_WARN_UNDECLARED_SELECTOR = YES;
				GCC_WARN_UNINITIALIZED_AUTOS = YES_AGGRESSIVE;
				GCC_WARN_UNUSED_FUNCTION = YES;
				GCC_WARN_UNUSED_VARIABLE = YES;
				IPHONEOS_DEPLOYMENT_TARGET = 12.3;
				MTL_ENABLE_DEBUG_INFO = INCLUDE_SOURCE;
				MTL_FAST_MATH = YES;
				ONLY_ACTIVE_ARCH = YES;
				SDKROOT = iphoneos;
				SWIFT_ACTIVE_COMPILATION_CONDITIONS = DEBUG;
				SWIFT_OPTIMIZATION_LEVEL = "-Onone";
			};
			name = Debug;
		};
		48B60D6823B3D2070026DDF7 /* Release */ = {
			isa = XCBuildConfiguration;
			buildSettings = {
				ALWAYS_SEARCH_USER_PATHS = NO;
				CLANG_ANALYZER_NONNULL = YES;
				CLANG_ANALYZER_NUMBER_OBJECT_CONVERSION = YES_AGGRESSIVE;
				CLANG_CXX_LANGUAGE_STANDARD = "gnu++14";
				CLANG_CXX_LIBRARY = "libc++";
				CLANG_ENABLE_MODULES = YES;
				CLANG_ENABLE_OBJC_ARC = YES;
				CLANG_ENABLE_OBJC_WEAK = YES;
				CLANG_WARN_BLOCK_CAPTURE_AUTORELEASING = YES;
				CLANG_WARN_BOOL_CONVERSION = YES;
				CLANG_WARN_COMMA = YES;
				CLANG_WARN_CONSTANT_CONVERSION = YES;
				CLANG_WARN_DEPRECATED_OBJC_IMPLEMENTATIONS = YES;
				CLANG_WARN_DIRECT_OBJC_ISA_USAGE = YES_ERROR;
				CLANG_WARN_DOCUMENTATION_COMMENTS = YES;
				CLANG_WARN_EMPTY_BODY = YES;
				CLANG_WARN_ENUM_CONVERSION = YES;
				CLANG_WARN_INFINITE_RECURSION = YES;
				CLANG_WARN_INT_CONVERSION = YES;
				CLANG_WARN_NON_LITERAL_NULL_CONVERSION = YES;
				CLANG_WARN_OBJC_IMPLICIT_RETAIN_SELF = YES;
				CLANG_WARN_OBJC_LITERAL_CONVERSION = YES;
				CLANG_WARN_OBJC_ROOT_CLASS = YES_ERROR;
				CLANG_WARN_RANGE_LOOP_ANALYSIS = YES;
				CLANG_WARN_STRICT_PROTOTYPES = YES;
				CLANG_WARN_SUSPICIOUS_MOVE = YES;
				CLANG_WARN_UNGUARDED_AVAILABILITY = YES_AGGRESSIVE;
				CLANG_WARN_UNREACHABLE_CODE = YES;
				CLANG_WARN__DUPLICATE_METHOD_MATCH = YES;
				COPY_PHASE_STRIP = NO;
				DEBUG_INFORMATION_FORMAT = "dwarf-with-dsym";
				ENABLE_NS_ASSERTIONS = NO;
				ENABLE_STRICT_OBJC_MSGSEND = YES;
				GCC_C_LANGUAGE_STANDARD = gnu11;
				GCC_NO_COMMON_BLOCKS = YES;
				GCC_WARN_64_TO_32_BIT_CONVERSION = YES;
				GCC_WARN_ABOUT_RETURN_TYPE = YES_ERROR;
				GCC_WARN_UNDECLARED_SELECTOR = YES;
				GCC_WARN_UNINITIALIZED_AUTOS = YES_AGGRESSIVE;
				GCC_WARN_UNUSED_FUNCTION = YES;
				GCC_WARN_UNUSED_VARIABLE = YES;
				IPHONEOS_DEPLOYMENT_TARGET = 12.3;
				MTL_ENABLE_DEBUG_INFO = NO;
				MTL_FAST_MATH = YES;
				SDKROOT = iphoneos;
				SWIFT_COMPILATION_MODE = wholemodule;
				SWIFT_OPTIMIZATION_LEVEL = "-O";
				VALIDATE_PRODUCT = YES;
			};
			name = Release;
		};
		48B60D6A23B3D2070026DDF7 /* Debug */ = {
			isa = XCBuildConfiguration;
			baseConfigurationReference = 77EA7FC648C08FC94B099EBF /* Pods-Outlook-oauth2.debug.xcconfig */;
			buildSettings = {
				ASSETCATALOG_COMPILER_APPICON_NAME = AppIcon;
				CODE_SIGN_STYLE = Automatic;
				DEVELOPMENT_TEAM = 8YH2HY6PT8;
				INFOPLIST_FILE = "$(SRCROOT)/Outlook-oauth2/SupportFiles/Info.plist";
				LD_RUNPATH_SEARCH_PATHS = (
					"$(inherited)",
					"@executable_path/Frameworks",
				);
				PRODUCT_BUNDLE_IDENTIFIER = "com.yusufali.Outlook-oauth2";
				PRODUCT_NAME = "$(TARGET_NAME)";
				SWIFT_VERSION = 5.0;
				TARGETED_DEVICE_FAMILY = "1,2";
			};
			name = Debug;
		};
		48B60D6B23B3D2070026DDF7 /* Release */ = {
			isa = XCBuildConfiguration;
			baseConfigurationReference = 5F2B1D567DDAD557D80DC60F /* Pods-Outlook-oauth2.release.xcconfig */;
			buildSettings = {
				ASSETCATALOG_COMPILER_APPICON_NAME = AppIcon;
				CODE_SIGN_STYLE = Automatic;
				DEVELOPMENT_TEAM = 8YH2HY6PT8;
				INFOPLIST_FILE = "$(SRCROOT)/Outlook-oauth2/SupportFiles/Info.plist";
				LD_RUNPATH_SEARCH_PATHS = (
					"$(inherited)",
					"@executable_path/Frameworks",
				);
				PRODUCT_BUNDLE_IDENTIFIER = "com.yusufali.Outlook-oauth2";
				PRODUCT_NAME = "$(TARGET_NAME)";
				SWIFT_VERSION = 5.0;
				TARGETED_DEVICE_FAMILY = "1,2";
			};
			name = Release;
		};
/* End XCBuildConfiguration section */

/* Begin XCConfigurationList section */
		48B60D5023B3D2030026DDF7 /* Build configuration list for PBXProject "Outlook-oauth2" */ = {
			isa = XCConfigurationList;
			buildConfigurations = (
				48B60D6723B3D2070026DDF7 /* Debug */,
				48B60D6823B3D2070026DDF7 /* Release */,
			);
			defaultConfigurationIsVisible = 0;
			defaultConfigurationName = Release;
		};
		48B60D6923B3D2070026DDF7 /* Build configuration list for PBXNativeTarget "Outlook-oauth2" */ = {
			isa = XCConfigurationList;
			buildConfigurations = (
				48B60D6A23B3D2070026DDF7 /* Debug */,
				48B60D6B23B3D2070026DDF7 /* Release */,
			);
			defaultConfigurationIsVisible = 0;
			defaultConfigurationName = Release;
		};
/* End XCConfigurationList section */
	};
	rootObject = 48B60D4D23B3D2030026DDF7 /* Project object */;
}
